
Microsoft Visual Studio Solution File, Format Version 12.00
# Visual Studio 15
VisualStudioVersion = 15.0.28307.438
MinimumVisualStudioVersion = 10.0.40219.1
Project("{FAE04EC0-301F-11D3-BF4B-00C04F79EFBC}") = "Figuras", "Figuras\Figuras.csproj", "{74523086-2783-4C5B-AC1D-7D19B796A16F}"
EndProject
Global
	GlobalSection(SolutionConfigurationPlatforms) = preSolution
		Debug|Any CPU = Debug|Any CPU
		Release|Any CPU = Release|Any CPU
	EndGlobalSection
	GlobalSection(ProjectConfigurationPlatforms) = postSolution
		{74523086-2783-4C5B-AC1D-7D19B796A16F}.Debug|Any CPU.ActiveCfg = Debug|Any CPU
		{74523086-2783-4C5B-AC1D-7D19B796A16F}.Debug|Any CPU.Build.0 = Debug|Any CPU
		{74523086-2783-4C5B-AC1D-7D19B796A16F}.Release|Any CPU.ActiveCfg = Release|Any CPU
		{74523086-2783-4C5B-AC1D-7D19B796A16F}.Release|Any CPU.Build.0 = Release|Any CPU
	EndGlobalSection
	GlobalSection(SolutionProperties) = preSolution
		HideSolutionNode = FALSE
	EndGlobalSection
	GlobalSection(ExtensibilityGlobals) = postSolution
		SolutionGuid = {48634592-28CB-4D8F-B79A-535AD030D068}
	EndGlobalSection
EndGlobal
