using System;
using System.Collections.Generic;
using System.Linq;
using System.Threading.Tasks;
using System.Windows.Forms;

namespace Figuras
{
    static class Program
    {
        /// <summary>
        /// Punto de entrada principal para la aplicación.
        /// </summary>
        [STAThread]
        static void Main()
        {
            Application.EnableVisualStyles();
            Application.SetCompatibleTextRenderingDefault(false);
            Application.Run(new frmFiguras());
        }
    }
}
using System;
using System.Collections.Generic;
using System.Linq;
using System.Text;
using System.Threading.Tasks;

namespace Figuras
{
    public class Figura
    {
        /*aquilo que estoy asiendo es encapsular mis variables privadas para depues crear unas variables publicas
         para que retornen el valor a las privadas*/ 
        private double ladoA;
        private double ladoB;
        

        public double LadoA
        {
            get { return ladoA; }
            set { ladoA = value; }
        }
        public double LadoB
        {
            get { return ladoB; }
            set { ladoB = value; }
        }
       
    }
}
using System;
using System.Collections.Generic;
using System.ComponentModel;
using System.Data;
using System.Drawing;
using System.Linq;
using System.Text;
using System.Threading.Tasks;
using System.Windows.Forms;

namespace Figuras
{
    public partial class frmFiguras : Form
    {
        
        Figura f = new Figura();
        public frmFiguras()
        {
            InitializeComponent();

        }

        private void button2_Click(object sender, EventArgs e)
        {
            Close();

        }

        private void cmdCalcular_Click(object sender, EventArgs e)
        {
            Operaciones op = new Operaciones();
            f.LadoA = System.Double.Parse(txtLadoA.Text);
            f.LadoB = System.Double.Parse(txtLadoB.Text);


            var area=op.Calcular(f);
            lblFRes.Text = "el resultado es:  " + area.ToString(); 


        }

        private void frmFiguras_Load(object sender, EventArgs e)
        {

        }
    }
}
using System;
using System.Collections.Generic;
using System.Linq;
using System.Text;
using System.Threading.Tasks;

namespace Figuras
{
    public class Operaciones
    {
        /*aqui cre otra clase en publica para que pueda aceder a ella desde cualquier parte de mi codigo mandarla a llamar
         y esta clase va a servir para hacer la operacion de la base por la altuta */
        public double Calcular(Figura f)
        {
            double area;//creo una variable local para que guarde la multiplicacion de lado a * lado b

             area = f.LadoA * f.LadoB;
            return area;//el retur es para que me regrese el valor de la multiplicacion

        }

    }
}
